
Microsoft Visual Studio Solution File, Format Version 12.00
# Visual Studio 15
VisualStudioVersion = 15.0.27428.2043
MinimumVisualStudioVersion = 10.0.40219.1
Project("{2150E333-8FDC-42A3-9474-1A3956D46DE8}") = "0-LojaEsporteVirtual.Web", "0-LojaEsporteVirtual.Web", "{17C5B3D1-6B48-402C-8FC8-E2A71BC74E4B}"
EndProject
Project("{2150E333-8FDC-42A3-9474-1A3956D46DE8}") = "2-LojaSporteVirtual.Domain", "2-LojaSporteVirtual.Domain", "{6D0B451D-76E7-4B34-8F22-2DB9B090CF4E}"
EndProject
Project("{2150E333-8FDC-42A3-9474-1A3956D46DE8}") = "3-LojaEsporteVirtual.Repositorie", "3-LojaEsporteVirtual.Repositorie", "{CA959C62-86B2-449F-BD58-B29EF4A32909}"
EndProject
Project("{2150E333-8FDC-42A3-9474-1A3956D46DE8}") = "5-LojaSporteVirtual.UnityTeste", "5-LojaSporteVirtual.UnityTeste", "{E725B3DC-C2FA-4822-81A8-DA5BCF83AF87}"
EndProject
Project("{FAE04EC0-301F-11D3-BF4B-00C04F79EFBC}") = "LojaEsporeVirtual.Web", "LojaEsporeVirtual.Web\LojaEsporeVirtual.Web.csproj", "{0C86CFF7-7FC7-491E-ADF1-6F42EE00D9A9}"
EndProject
Project("{FAE04EC0-301F-11D3-BF4B-00C04F79EFBC}") = "LojaSporteVirtual.Domain", "LojaSporteVirtual.Domain\LojaSporteVirtual.Domain.csproj", "{2AEEC10B-D5F1-458A-B32D-89763D43F491}"
EndProject
Project("{FAE04EC0-301F-11D3-BF4B-00C04F79EFBC}") = "LojaSporteVirtual.Repositorie", "LojaSporteVirtual.Repositorie\LojaSporteVirtual.Repositorie.csproj", "{1D095B6A-0BE4-4236-A130-D9415D51246E}"
EndProject
Project("{FAE04EC0-301F-11D3-BF4B-00C04F79EFBC}") = "LojaVirtualUnityTeste", "LojaVirtualUnityTeste\LojaVirtualUnityTeste.csproj", "{C9B94BC9-D2B5-4124-951D-5A8D066C59A4}"
EndProject
Project("{2150E333-8FDC-42A3-9474-1A3956D46DE8}") = "4-LojaSportVirtual.CossCorting", "4-LojaSportVirtual.CossCorting", "{2EB7A61F-5842-46A9-A1AD-61460190F629}"
EndProject
Project("{FAE04EC0-301F-11D3-BF4B-00C04F79EFBC}") = "LojaSporteVirtual.CrossCorting", "LojaSporteVirtual.CrossCorting\LojaSporteVirtual.CrossCorting.csproj", "{ECE678A1-FEB8-4804-AB6E-976616B7A8BA}"
EndProject
Project("{2150E333-8FDC-42A3-9474-1A3956D46DE8}") = "1-LojaSporteVirtual.Application", "1-LojaSporteVirtual.Application", "{9C1A096C-BB34-4D5D-BF13-5ED55587BC20}"
EndProject
Project("{FAE04EC0-301F-11D3-BF4B-00C04F79EFBC}") = "LojaSporteVirtual.Application", "LojaSporteVirtual.Application\LojaSporteVirtual.Application.csproj", "{E1A9C904-4E97-4BB8-A55A-B52E3A2EC6C6}"
EndProject
Global
	GlobalSection(SolutionConfigurationPlatforms) = preSolution
		Debug|Any CPU = Debug|Any CPU
		Release|Any CPU = Release|Any CPU
	EndGlobalSection
	GlobalSection(ProjectConfigurationPlatforms) = postSolution
		{0C86CFF7-7FC7-491E-ADF1-6F42EE00D9A9}.Debug|Any CPU.ActiveCfg = Debug|Any CPU
		{0C86CFF7-7FC7-491E-ADF1-6F42EE00D9A9}.Debug|Any CPU.Build.0 = Debug|Any CPU
		{0C86CFF7-7FC7-491E-ADF1-6F42EE00D9A9}.Release|Any CPU.ActiveCfg = Release|Any CPU
		{0C86CFF7-7FC7-491E-ADF1-6F42EE00D9A9}.Release|Any CPU.Build.0 = Release|Any CPU
		{2AEEC10B-D5F1-458A-B32D-89763D43F491}.Debug|Any CPU.ActiveCfg = Debug|Any CPU
		{2AEEC10B-D5F1-458A-B32D-89763D43F491}.Debug|Any CPU.Build.0 = Debug|Any CPU
		{2AEEC10B-D5F1-458A-B32D-89763D43F491}.Release|Any CPU.ActiveCfg = Release|Any CPU
		{2AEEC10B-D5F1-458A-B32D-89763D43F491}.Release|Any CPU.Build.0 = Release|Any CPU
		{1D095B6A-0BE4-4236-A130-D9415D51246E}.Debug|Any CPU.ActiveCfg = Debug|Any CPU
		{1D095B6A-0BE4-4236-A130-D9415D51246E}.Debug|Any CPU.Build.0 = Debug|Any CPU
		{1D095B6A-0BE4-4236-A130-D9415D51246E}.Release|Any CPU.ActiveCfg = Release|Any CPU
		{1D095B6A-0BE4-4236-A130-D9415D51246E}.Release|Any CPU.Build.0 = Release|Any CPU
		{C9B94BC9-D2B5-4124-951D-5A8D066C59A4}.Debug|Any CPU.ActiveCfg = Debug|Any CPU
		{C9B94BC9-D2B5-4124-951D-5A8D066C59A4}.Debug|Any CPU.Build.0 = Debug|Any CPU
		{C9B94BC9-D2B5-4124-951D-5A8D066C59A4}.Release|Any CPU.ActiveCfg = Release|Any CPU
		{C9B94BC9-D2B5-4124-951D-5A8D066C59A4}.Release|Any CPU.Build.0 = Release|Any CPU
		{ECE678A1-FEB8-4804-AB6E-976616B7A8BA}.Debug|Any CPU.ActiveCfg = Debug|Any CPU
		{ECE678A1-FEB8-4804-AB6E-976616B7A8BA}.Debug|Any CPU.Build.0 = Debug|Any CPU
		{ECE678A1-FEB8-4804-AB6E-976616B7A8BA}.Release|Any CPU.ActiveCfg = Release|Any CPU
		{ECE678A1-FEB8-4804-AB6E-976616B7A8BA}.Release|Any CPU.Build.0 = Release|Any CPU
		{E1A9C904-4E97-4BB8-A55A-B52E3A2EC6C6}.Debug|Any CPU.ActiveCfg = Debug|Any CPU
		{E1A9C904-4E97-4BB8-A55A-B52E3A2EC6C6}.Debug|Any CPU.Build.0 = Debug|Any CPU
		{E1A9C904-4E97-4BB8-A55A-B52E3A2EC6C6}.Release|Any CPU.ActiveCfg = Release|Any CPU
		{E1A9C904-4E97-4BB8-A55A-B52E3A2EC6C6}.Release|Any CPU.Build.0 = Release|Any CPU
	EndGlobalSection
	GlobalSection(SolutionProperties) = preSolution
		HideSolutionNode = FALSE
	EndGlobalSection
	GlobalSection(NestedProjects) = preSolution
		{0C86CFF7-7FC7-491E-ADF1-6F42EE00D9A9} = {17C5B3D1-6B48-402C-8FC8-E2A71BC74E4B}
		{2AEEC10B-D5F1-458A-B32D-89763D43F491} = {6D0B451D-76E7-4B34-8F22-2DB9B090CF4E}
		{1D095B6A-0BE4-4236-A130-D9415D51246E} = {CA959C62-86B2-449F-BD58-B29EF4A32909}
		{C9B94BC9-D2B5-4124-951D-5A8D066C59A4} = {E725B3DC-C2FA-4822-81A8-DA5BCF83AF87}
		{ECE678A1-FEB8-4804-AB6E-976616B7A8BA} = {2EB7A61F-5842-46A9-A1AD-61460190F629}
		{E1A9C904-4E97-4BB8-A55A-B52E3A2EC6C6} = {9C1A096C-BB34-4D5D-BF13-5ED55587BC20}
	EndGlobalSection
	GlobalSection(ExtensibilityGlobals) = postSolution
		SolutionGuid = {5ACD76BD-2C30-40C7-9546-D9CC5180A608}
	EndGlobalSection
EndGlobal
